
Microsoft Visual Studio Solution File, Format Version 12.00
# Visual Studio Version 17
VisualStudioVersion = 17.9.34622.214
MinimumVisualStudioVersion = 10.0.40219.1
Project("{2150E333-8FDC-42A3-9474-1A3956D46DE8}") = "Services", "Services", "{125851C2-F20A-45A1-9F1D-CC7584EA71EE}"
EndProject
Project("{2150E333-8FDC-42A3-9474-1A3956D46DE8}") = "Catalog", "Catalog", "{94A356BC-6665-4860-BDD4-47773DC4CAB4}"
EndProject
Project("{9A19103F-16F7-4668-BE54-9A1E7A4F7556}") = "Catalog.API", "Services\Catalog\Catalog.API\Catalog.API.csproj", "{D06E5A6D-1C8E-4755-B73F-F66212DC1B28}"
EndProject
Project("{2150E333-8FDC-42A3-9474-1A3956D46DE8}") = "BuildingBlocks", "BuildingBlocks", "{5136751A-D2F0-48E2-A7E4-B17A11F33A71}"
EndProject
Project("{9A19103F-16F7-4668-BE54-9A1E7A4F7556}") = "BuildingBlocks", "BuildingBlocks\BuildingBlocks\BuildingBlocks.csproj", "{683FE60D-06F7-4F13-9363-56CB22AB92E9}"
EndProject
Project("{E53339B2-1760-4266-BCC7-CA923CBCF16C}") = "docker-compose", "docker-compose.dcproj", "{89E76C67-4313-42D4-B12A-1E17681FC51B}"
EndProject
Project("{2150E333-8FDC-42A3-9474-1A3956D46DE8}") = "Basket", "Basket", "{B34A1AF7-352C-4EB5-8918-53F7CB937218}"
EndProject
Project("{9A19103F-16F7-4668-BE54-9A1E7A4F7556}") = "Basket.API", "Services\Basket\Basket.API\Basket.API.csproj", "{72FFA27E-CBFB-4DE2-8CA7-518FE9E78270}"
EndProject
Project("{2150E333-8FDC-42A3-9474-1A3956D46DE8}") = "Discount", "Discount", "{B507CD74-6C9C-4B12-90EB-AF0E3E5063AF}"
EndProject
Project("{9A19103F-16F7-4668-BE54-9A1E7A4F7556}") = "Discount.Grpc", "Services\Discount\Discount.Grpc\Discount.Grpc.csproj", "{F668020F-5A08-4CB8-907C-8264B30E933D}"
EndProject
Project("{2150E333-8FDC-42A3-9474-1A3956D46DE8}") = "Ordering", "Ordering", "{10C029C3-A320-4B2A-AF1C-89A863416281}"
EndProject
Project("{9A19103F-16F7-4668-BE54-9A1E7A4F7556}") = "Ordering.API", "Services\Ordering\Ordering.API\Ordering.API.csproj", "{3BDE0E44-643E-4D5B-B594-DAE4DE5D85A6}"
EndProject
Project("{FAE04EC0-301F-11D3-BF4B-00C04F79EFBC}") = "Ordering.Domain", "Services\Ordering\Ordering.Domain\Ordering.Domain.csproj", "{5404C861-E4DD-4BE6-AB16-3D8AE017F5C3}"
EndProject
Project("{FAE04EC0-301F-11D3-BF4B-00C04F79EFBC}") = "Ordering.Application", "Services\Ordering\Ordering.Application\Ordering.Application.csproj", "{A82573D0-975E-4B59-BD78-D7BF8DC5E800}"
EndProject
Project("{FAE04EC0-301F-11D3-BF4B-00C04F79EFBC}") = "Ordering.Infrastructure", "Services\Ordering\Ordering.Infrastructure\Ordering.Infrastructure.csproj", "{2B38D123-01D0-431D-904D-C7D4853D8475}"
EndProject
Global
	GlobalSection(SolutionConfigurationPlatforms) = preSolution
		Debug|Any CPU = Debug|Any CPU
		Release|Any CPU = Release|Any CPU
	EndGlobalSection
	GlobalSection(ProjectConfigurationPlatforms) = postSolution
		{D06E5A6D-1C8E-4755-B73F-F66212DC1B28}.Debug|Any CPU.ActiveCfg = Debug|Any CPU
		{D06E5A6D-1C8E-4755-B73F-F66212DC1B28}.Debug|Any CPU.Build.0 = Debug|Any CPU
		{D06E5A6D-1C8E-4755-B73F-F66212DC1B28}.Release|Any CPU.ActiveCfg = Release|Any CPU
		{D06E5A6D-1C8E-4755-B73F-F66212DC1B28}.Release|Any CPU.Build.0 = Release|Any CPU
		{683FE60D-06F7-4F13-9363-56CB22AB92E9}.Debug|Any CPU.ActiveCfg = Debug|Any CPU
		{683FE60D-06F7-4F13-9363-56CB22AB92E9}.Debug|Any CPU.Build.0 = Debug|Any CPU
		{683FE60D-06F7-4F13-9363-56CB22AB92E9}.Release|Any CPU.ActiveCfg = Release|Any CPU
		{683FE60D-06F7-4F13-9363-56CB22AB92E9}.Release|Any CPU.Build.0 = Release|Any CPU
		{89E76C67-4313-42D4-B12A-1E17681FC51B}.Debug|Any CPU.ActiveCfg = Debug|Any CPU
		{89E76C67-4313-42D4-B12A-1E17681FC51B}.Debug|Any CPU.Build.0 = Debug|Any CPU
		{89E76C67-4313-42D4-B12A-1E17681FC51B}.Release|Any CPU.ActiveCfg = Release|Any CPU
		{89E76C67-4313-42D4-B12A-1E17681FC51B}.Release|Any CPU.Build.0 = Release|Any CPU
		{72FFA27E-CBFB-4DE2-8CA7-518FE9E78270}.Debug|Any CPU.ActiveCfg = Debug|Any CPU
		{72FFA27E-CBFB-4DE2-8CA7-518FE9E78270}.Debug|Any CPU.Build.0 = Debug|Any CPU
		{72FFA27E-CBFB-4DE2-8CA7-518FE9E78270}.Release|Any CPU.ActiveCfg = Release|Any CPU
		{72FFA27E-CBFB-4DE2-8CA7-518FE9E78270}.Release|Any CPU.Build.0 = Release|Any CPU
		{F668020F-5A08-4CB8-907C-8264B30E933D}.Debug|Any CPU.ActiveCfg = Debug|Any CPU
		{F668020F-5A08-4CB8-907C-8264B30E933D}.Debug|Any CPU.Build.0 = Debug|Any CPU
		{F668020F-5A08-4CB8-907C-8264B30E933D}.Release|Any CPU.ActiveCfg = Release|Any CPU
		{F668020F-5A08-4CB8-907C-8264B30E933D}.Release|Any CPU.Build.0 = Release|Any CPU
		{3BDE0E44-643E-4D5B-B594-DAE4DE5D85A6}.Debug|Any CPU.ActiveCfg = Debug|Any CPU
		{3BDE0E44-643E-4D5B-B594-DAE4DE5D85A6}.Debug|Any CPU.Build.0 = Debug|Any CPU
		{3BDE0E44-643E-4D5B-B594-DAE4DE5D85A6}.Release|Any CPU.ActiveCfg = Release|Any CPU
		{3BDE0E44-643E-4D5B-B594-DAE4DE5D85A6}.Release|Any CPU.Build.0 = Release|Any CPU
		{5404C861-E4DD-4BE6-AB16-3D8AE017F5C3}.Debug|Any CPU.ActiveCfg = Debug|Any CPU
		{5404C861-E4DD-4BE6-AB16-3D8AE017F5C3}.Debug|Any CPU.Build.0 = Debug|Any CPU
		{5404C861-E4DD-4BE6-AB16-3D8AE017F5C3}.Release|Any CPU.ActiveCfg = Release|Any CPU
		{5404C861-E4DD-4BE6-AB16-3D8AE017F5C3}.Release|Any CPU.Build.0 = Release|Any CPU
		{A82573D0-975E-4B59-BD78-D7BF8DC5E800}.Debug|Any CPU.ActiveCfg = Debug|Any CPU
		{A82573D0-975E-4B59-BD78-D7BF8DC5E800}.Debug|Any CPU.Build.0 = Debug|Any CPU
		{A82573D0-975E-4B59-BD78-D7BF8DC5E800}.Release|Any CPU.ActiveCfg = Release|Any CPU
		{A82573D0-975E-4B59-BD78-D7BF8DC5E800}.Release|Any CPU.Build.0 = Release|Any CPU
		{2B38D123-01D0-431D-904D-C7D4853D8475}.Debug|Any CPU.ActiveCfg = Debug|Any CPU
		{2B38D123-01D0-431D-904D-C7D4853D8475}.Debug|Any CPU.Build.0 = Debug|Any CPU
		{2B38D123-01D0-431D-904D-C7D4853D8475}.Release|Any CPU.ActiveCfg = Release|Any CPU
		{2B38D123-01D0-431D-904D-C7D4853D8475}.Release|Any CPU.Build.0 = Release|Any CPU
	EndGlobalSection
	GlobalSection(SolutionProperties) = preSolution
		HideSolutionNode = FALSE
	EndGlobalSection
	GlobalSection(NestedProjects) = preSolution
		{94A356BC-6665-4860-BDD4-47773DC4CAB4} = {125851C2-F20A-45A1-9F1D-CC7584EA71EE}
		{D06E5A6D-1C8E-4755-B73F-F66212DC1B28} = {94A356BC-6665-4860-BDD4-47773DC4CAB4}
		{683FE60D-06F7-4F13-9363-56CB22AB92E9} = {5136751A-D2F0-48E2-A7E4-B17A11F33A71}
		{B34A1AF7-352C-4EB5-8918-53F7CB937218} = {125851C2-F20A-45A1-9F1D-CC7584EA71EE}
		{72FFA27E-CBFB-4DE2-8CA7-518FE9E78270} = {B34A1AF7-352C-4EB5-8918-53F7CB937218}
		{B507CD74-6C9C-4B12-90EB-AF0E3E5063AF} = {125851C2-F20A-45A1-9F1D-CC7584EA71EE}
		{F668020F-5A08-4CB8-907C-8264B30E933D} = {B507CD74-6C9C-4B12-90EB-AF0E3E5063AF}
		{10C029C3-A320-4B2A-AF1C-89A863416281} = {125851C2-F20A-45A1-9F1D-CC7584EA71EE}
		{3BDE0E44-643E-4D5B-B594-DAE4DE5D85A6} = {10C029C3-A320-4B2A-AF1C-89A863416281}
		{5404C861-E4DD-4BE6-AB16-3D8AE017F5C3} = {10C029C3-A320-4B2A-AF1C-89A863416281}
		{A82573D0-975E-4B59-BD78-D7BF8DC5E800} = {10C029C3-A320-4B2A-AF1C-89A863416281}
		{2B38D123-01D0-431D-904D-C7D4853D8475} = {10C029C3-A320-4B2A-AF1C-89A863416281}
	EndGlobalSection
	GlobalSection(ExtensibilityGlobals) = postSolution
		SolutionGuid = {AD300721-99DF-419D-94E0-FE53048AAEEA}
	EndGlobalSection
EndGlobal
